// !$*UTF8*$!
{
	archiveVersion = 1;
	classes = {
	};
	objectVersion = 48;
	objects = {

/* Begin PBXBuildFile section */
		C6F81C852045545C0007F7D2 /* AppDelegate.swift in Sources */ = {isa = PBXBuildFile; fileRef = C6F81C842045545C0007F7D2 /* AppDelegate.swift */; };
		C6F81C872045545C0007F7D2 /* ViewController.swift in Sources */ = {isa = PBXBuildFile; fileRef = C6F81C862045545C0007F7D2 /* ViewController.swift */; };
		C6F81C8A2045545C0007F7D2 /* Main.storyboard in Resources */ = {isa = PBXBuildFile; fileRef = C6F81C882045545C0007F7D2 /* Main.storyboard */; };
		C6F81C8C2045545C0007F7D2 /* Assets.xcassets in Resources */ = {isa = PBXBuildFile; fileRef = C6F81C8B2045545C0007F7D2 /* Assets.xcassets */; };
		C6F81C8F2045545C0007F7D2 /* LaunchScreen.storyboard in Resources */ = {isa = PBXBuildFile; fileRef = C6F81C8D2045545C0007F7D2 /* LaunchScreen.storyboard */; };
		C6F81C9720455D610007F7D2 /* FoodItemCell.swift in Sources */ = {isa = PBXBuildFile; fileRef = C6F81C9620455D610007F7D2 /* FoodItemCell.swift */; };
		C6F81C9920457B1C0007F7D2 /* PrepareData.swift in Sources */ = {isa = PBXBuildFile; fileRef = C6F81C9820457B1C0007F7D2 /* PrepareData.swift */; };
		C6F81C9B20457F1E0007F7D2 /* FirstVC.swift in Sources */ = {isa = PBXBuildFile; fileRef = C6F81C9A20457F1E0007F7D2 /* FirstVC.swift */; };
/* End PBXBuildFile section */

/* Begin PBXFileReference section */
		C6F81C812045545C0007F7D2 /* FoodieJsonModified.app */ = {isa = PBXFileReference; explicitFileType = wrapper.application; includeInIndex = 0; path = FoodieJsonModified.app; sourceTree = BUILT_PRODUCTS_DIR; };
		C6F81C842045545C0007F7D2 /* AppDelegate.swift */ = {isa = PBXFileReference; lastKnownFileType = sourcecode.swift; path = AppDelegate.swift; sourceTree = "<group>"; };
		C6F81C862045545C0007F7D2 /* ViewController.swift */ = {isa = PBXFileReference; lastKnownFileType = sourcecode.swift; path = ViewController.swift; sourceTree = "<group>"; };
		C6F81C892045545C0007F7D2 /* Base */ = {isa = PBXFileReference; lastKnownFileType = file.storyboard; name = Base; path = Base.lproj/Main.storyboard; sourceTree = "<group>"; };
		C6F81C8B2045545C0007F7D2 /* Assets.xcassets */ = {isa = PBXFileReference; lastKnownFileType = folder.assetcatalog; path = Assets.xcassets; sourceTree = "<group>"; };
		C6F81C8E2045545C0007F7D2 /* Base */ = {isa = PBXFileReference; lastKnownFileType = file.storyboard; name = Base; path = Base.lproj/LaunchScreen.storyboard; sourceTree = "<group>"; };
		C6F81C902045545C0007F7D2 /* Info.plist */ = {isa = PBXFileReference; lastKnownFileType = text.plist.xml; path = Info.plist; sourceTree = "<group>"; };
		C6F81C9620455D610007F7D2 /* FoodItemCell.swift */ = {isa = PBXFileReference; lastKnownFileType = sourcecode.swift; path = FoodItemCell.swift; sourceTree = "<group>"; };
		C6F81C9820457B1C0007F7D2 /* PrepareData.swift */ = {isa = PBXFileReference; lastKnownFileType = sourcecode.swift; path = PrepareData.swift; sourceTree = "<group>"; };
		C6F81C9A20457F1E0007F7D2 /* FirstVC.swift */ = {isa = PBXFileReference; lastKnownFileType = sourcecode.swift; path = FirstVC.swift; sourceTree = "<group>"; };
/* End PBXFileReference section */

/* Begin PBXFrameworksBuildPhase section */
		C6F81C7E2045545C0007F7D2 /* Frameworks */ = {
			isa = PBXFrameworksBuildPhase;
			buildActionMask = 2147483647;
			files = (
			);
			runOnlyForDeploymentPostprocessing = 0;
		};
/* End PBXFrameworksBuildPhase section */

/* Begin PBXGroup section */
		C6F81C782045545C0007F7D2 = {
			isa = PBXGroup;
			children = (
				C6F81C832045545C0007F7D2 /* FoodieJsonModified */,
				C6F81C822045545C0007F7D2 /* Products */,
			);
			sourceTree = "<group>";
		};
		C6F81C822045545C0007F7D2 /* Products */ = {
			isa = PBXGroup;
			children = (
				C6F81C812045545C0007F7D2 /* FoodieJsonModified.app */,
			);
			name = Products;
			sourceTree = "<group>";
		};
		C6F81C832045545C0007F7D2 /* FoodieJsonModified */ = {
			isa = PBXGroup;
			children = (
				C6F81C9A20457F1E0007F7D2 /* FirstVC.swift */,
				C6F81C9820457B1C0007F7D2 /* PrepareData.swift */,
				C6F81C842045545C0007F7D2 /* AppDelegate.swift */,
				C6F81C862045545C0007F7D2 /* ViewController.swift */,
				C6F81C9620455D610007F7D2 /* FoodItemCell.swift */,
				C6F81C882045545C0007F7D2 /* Main.storyboard */,
				C6F81C8B2045545C0007F7D2 /* Assets.xcassets */,
				C6F81C8D2045545C0007F7D2 /* LaunchScreen.storyboard */,
				C6F81C902045545C0007F7D2 /* Info.plist */,
			);
			path = FoodieJsonModified;
			sourceTree = "<group>";
		};
/* End PBXGroup section */

/* Begin PBXNativeTarget section */
		C6F81C802045545C0007F7D2 /* FoodieJsonModified */ = {
			isa = PBXNativeTarget;
			buildConfigurationList = C6F81C932045545C0007F7D2 /* Build configuration list for PBXNativeTarget "FoodieJsonModified" */;
			buildPhases = (
				C6F81C7D2045545C0007F7D2 /* Sources */,
				C6F81C7E2045545C0007F7D2 /* Frameworks */,
				C6F81C7F2045545C0007F7D2 /* Resources */,
			);
			buildRules = (
			);
			dependencies = (
			);
			name = FoodieJsonModified;
			productName = FoodieJsonModified;
			productReference = C6F81C812045545C0007F7D2 /* FoodieJsonModified.app */;
			productType = "com.apple.product-type.application";
		};
/* End PBXNativeTarget section */

/* Begin PBXProject section */
		C6F81C792045545C0007F7D2 /* Project object */ = {
			isa = PBXProject;
			attributes = {
				LastSwiftUpdateCheck = 0920;
				LastUpgradeCheck = 0920;
				ORGANIZATIONNAME = Im100ruv;
				TargetAttributes = {
					C6F81C802045545C0007F7D2 = {
						CreatedOnToolsVersion = 9.2;
						ProvisioningStyle = Automatic;
					};
				};
			};
			buildConfigurationList = C6F81C7C2045545C0007F7D2 /* Build configuration list for PBXProject "FoodieJsonModified" */;
			compatibilityVersion = "Xcode 8.0";
			developmentRegion = en;
			hasScannedForEncodings = 0;
			knownRegions = (
				en,
				Base,
			);
			mainGroup = C6F81C782045545C0007F7D2;
			productRefGroup = C6F81C822045545C0007F7D2 /* Products */;
			projectDirPath = "";
			projectRoot = "";
			targets = (
				C6F81C802045545C0007F7D2 /* FoodieJsonModified */,
			);
		};
/* End PBXProject section */

/* Begin PBXResourcesBuildPhase section */
		C6F81C7F2045545C0007F7D2 /* Resources */ = {
			isa = PBXResourcesBuildPhase;
			buildActionMask = 2147483647;
			files = (
				C6F81C8F2045545C0007F7D2 /* LaunchScreen.storyboard in Resources */,
				C6F81C8C2045545C0007F7D2 /* Assets.xcassets in Resources */,
				C6F81C8A2045545C0007F7D2 /* Main.storyboard in Resources */,
			);
			runOnlyForDeploymentPostprocessing = 0;
		};
/* End PBXResourcesBuildPhase section */

/* Begin PBXSourcesBuildPhase section */
		C6F81C7D2045545C0007F7D2 /* Sources */ = {
			isa = PBXSourcesBuildPhase;
			buildActionMask = 2147483647;
			files = (
				C6F81C9720455D610007F7D2 /* FoodItemCell.swift in Sources */,
				C6F81C9920457B1C0007F7D2 /* PrepareData.swift in Sources */,
				C6F81C872045545C0007F7D2 /* ViewController.swift in Sources */,
				C6F81C9B20457F1E0007F7D2 /* FirstVC.swift in Sources */,
				C6F81C852045545C0007F7D2 /* AppDelegate.swift in Sources */,
			);
			runOnlyForDeploymentPostprocessing = 0;
		};
/* End PBXSourcesBuildPhase section */

/* Begin PBXVariantGroup section */
		C6F81C882045545C0007F7D2 /* Main.storyboard */ = {
			isa = PBXVariantGroup;
			children = (
				C6F81C892045545C0007F7D2 /* Base */,
			);
			name = Main.storyboard;
			sourceTree = "<group>";
		};
		C6F81C8D2045545C0007F7D2 /* LaunchScreen.storyboard */ = {
			isa = PBXVariantGroup;
			children = (
				C6F81C8E2045545C0007F7D2 /* Base */,
			);
			name = LaunchScreen.storyboard;
			sourceTree = "<group>";
		};
/* End PBXVariantGroup section */

/* Begin XCBuildConfiguration section */
		C6F81C912045545C0007F7D2 /* Debug */ = {
			isa = XCBuildConfiguration;
			buildSettings = {
				ALWAYS_SEARCH_USER_PATHS = NO;
				CLANG_ANALYZER_NONNULL = YES;
				CLANG_ANALYZER_NUMBER_OBJECT_CONVERSION = YES_AGGRESSIVE;
				CLANG_CXX_LANGUAGE_STANDARD = "gnu++14";
				CLANG_CXX_LIBRARY = "libc++";
				CLANG_ENABLE_MODULES = YES;
				CLANG_ENABLE_OBJC_ARC = YES;
				CLANG_WARN_BLOCK_CAPTURE_AUTORELEASING = YES;
				CLANG_WARN_BOOL_CONVERSION = YES;
				CLANG_WARN_COMMA = YES;
				CLANG_WARN_CONSTANT_CONVERSION = YES;
				CLANG_WARN_DIRECT_OBJC_ISA_USAGE = YES_ERROR;
				CLANG_WARN_DOCUMENTATION_COMMENTS = YES;
				CLANG_WARN_EMPTY_BODY = YES;
				CLANG_WARN_ENUM_CONVERSION = YES;
				CLANG_WARN_INFINITE_RECURSION = YES;
				CLANG_WARN_INT_CONVERSION = YES;
				CLANG_WARN_NON_LITERAL_NULL_CONVERSION = YES;
				CLANG_WARN_OBJC_LITERAL_CONVERSION = YES;
				CLANG_WARN_OBJC_ROOT_CLASS = YES_ERROR;
				CLANG_WARN_RANGE_LOOP_ANALYSIS = YES;
				CLANG_WARN_STRICT_PROTOTYPES = YES;
				CLANG_WARN_SUSPICIOUS_MOVE = YES;
				CLANG_WARN_UNGUARDED_AVAILABILITY = YES_AGGRESSIVE;
				CLANG_WARN_UNREACHABLE_CODE = YES;
				CLANG_WARN__DUPLICATE_METHOD_MATCH = YES;
				CODE_SIGN_IDENTITY = "iPhone Developer";
				COPY_PHASE_STRIP = NO;
				DEBUG_INFORMATION_FORMAT = dwarf;
				ENABLE_STRICT_OBJC_MSGSEND = YES;
				ENABLE_TESTABILITY = YES;
				GCC_C_LANGUAGE_STANDARD = gnu11;
				GCC_DYNAMIC_NO_PIC = NO;
				GCC_NO_COMMON_BLOCKS = YES;
				GCC_OPTIMIZATION_LEVEL = 0;
				GCC_PREPROCESSOR_DEFINITIONS = (
					"DEBUG=1",
					"$(inherited)",
				);
				GCC_WARN_64_TO_32_BIT_CONVERSION = YES;
				GCC_WARN_ABOUT_RETURN_TYPE = YES_ERROR;
				GCC_WARN_UNDECLARED_SELECTOR = YES;
				GCC_WARN_UNINITIALIZED_AUTOS = YES_AGGRESSIVE;
				GCC_WARN_UNUSED_FUNCTION = YES;
				GCC_WARN_UNUSED_VARIABLE = YES;
				IPHONEOS_DEPLOYMENT_TARGET = 11.2;
				MTL_ENABLE_DEBUG_INFO = YES;
				ONLY_ACTIVE_ARCH = YES;
				SDKROOT = iphoneos;
				SWIFT_ACTIVE_COMPILATION_CONDITIONS = DEBUG;
				SWIFT_OPTIMIZATION_LEVEL = "-Onone";
			};
			name = Debug;
		};
		C6F81C922045545C0007F7D2 /* Release */ = {
			isa = XCBuildConfiguration;
			buildSettings = {
				ALWAYS_SEARCH_USER_PATHS = NO;
				CLANG_ANALYZER_NONNULL = YES;
				CLANG_ANALYZER_NUMBER_OBJECT_CONVERSION = YES_AGGRESSIVE;
				CLANG_CXX_LANGUAGE_STANDARD = "gnu++14";
				CLANG_CXX_LIBRARY = "libc++";
				CLANG_ENABLE_MODULES = YES;
				CLANG_ENABLE_OBJC_ARC = YES;
				CLANG_WARN_BLOCK_CAPTURE_AUTORELEASING = YES;
				CLANG_WARN_BOOL_CONVERSION = YES;
				CLANG_WARN_COMMA = YES;
				CLANG_WARN_CONSTANT_CONVERSION = YES;
				CLANG_WARN_DIRECT_OBJC_ISA_USAGE = YES_ERROR;
				CLANG_WARN_DOCUMENTATION_COMMENTS = YES;
				CLANG_WARN_EMPTY_BODY = YES;
				CLANG_WARN_ENUM_CONVERSION = YES;
				CLANG_WARN_INFINITE_RECURSION = YES;
				CLANG_WARN_INT_CONVERSION = YES;
				CLANG_WARN_NON_LITERAL_NULL_CONVERSION = YES;
				CLANG_WARN_OBJC_LITERAL_CONVERSION = YES;
				CLANG_WARN_OBJC_ROOT_CLASS = YES_ERROR;
				CLANG_WARN_RANGE_LOOP_ANALYSIS = YES;
				CLANG_WARN_STRICT_PROTOTYPES = YES;
				CLANG_WARN_SUSPICIOUS_MOVE = YES;
				CLANG_WARN_UNGUARDED_AVAILABILITY = YES_AGGRESSIVE;
				CLANG_WARN_UNREACHABLE_CODE = YES;
				CLANG_WARN__DUPLICATE_METHOD_MATCH = YES;
				CODE_SIGN_IDENTITY = "iPhone Developer";
				COPY_PHASE_STRIP = NO;
				DEBUG_INFORMATION_FORMAT = "dwarf-with-dsym";
				ENABLE_NS_ASSERTIONS = NO;
				ENABLE_STRICT_OBJC_MSGSEND = YES;
				GCC_C_LANGUAGE_STANDARD = gnu11;
				GCC_NO_COMMON_BLOCKS = YES;
				GCC_WARN_64_TO_32_BIT_CONVERSION = YES;
				GCC_WARN_ABOUT_RETURN_TYPE = YES_ERROR;
				GCC_WARN_UNDECLARED_SELECTOR = YES;
				GCC_WARN_UNINITIALIZED_AUTOS = YES_AGGRESSIVE;
				GCC_WARN_UNUSED_FUNCTION = YES;
				GCC_WARN_UNUSED_VARIABLE = YES;
				IPHONEOS_DEPLOYMENT_TARGET = 11.2;
				MTL_ENABLE_DEBUG_INFO = NO;
				SDKROOT = iphoneos;
				SWIFT_OPTIMIZATION_LEVEL = "-Owholemodule";
				VALIDATE_PRODUCT = YES;
			};
			name = Release;
		};
		C6F81C942045545C0007F7D2 /* Debug */ = {
			isa = XCBuildConfiguration;
			buildSettings = {
				ASSETCATALOG_COMPILER_APPICON_NAME = AppIcon;
				CODE_SIGN_STYLE = Automatic;
				DEVELOPMENT_TEAM = PC6ND5VTK9;
				INFOPLIST_FILE = FoodieJsonModified/Info.plist;
				LD_RUNPATH_SEARCH_PATHS = "$(inherited) @executable_path/Frameworks";
				PRODUCT_BUNDLE_IDENTIFIER = com.im100ruv.FoodieJsonModified;
				PRODUCT_NAME = "$(TARGET_NAME)";
				SWIFT_VERSION = 4.0;
				TARGETED_DEVICE_FAMILY = "1,2";
			};
			name = Debug;
		};
		C6F81C952045545C0007F7D2 /* Release */ = {
			isa = XCBuildConfiguration;
			buildSettings = {
				ASSETCATALOG_COMPILER_APPICON_NAME = AppIcon;
				CODE_SIGN_STYLE = Automatic;
				DEVELOPMENT_TEAM = PC6ND5VTK9;
				INFOPLIST_FILE = FoodieJsonModified/Info.plist;
				LD_RUNPATH_SEARCH_PATHS = "$(inherited) @executable_path/Frameworks";
				PRODUCT_BUNDLE_IDENTIFIER = com.im100ruv.FoodieJsonModified;
				PRODUCT_NAME = "$(TARGET_NAME)";
				SWIFT_VERSION = 4.0;
				TARGETED_DEVICE_FAMILY = "1,2";
			};
			name = Release;
		};
/* End XCBuildConfiguration section */

/* Begin XCConfigurationList section */
		C6F81C7C2045545C0007F7D2 /* Build configuration list for PBXProject "FoodieJsonModified" */ = {
			isa = XCConfigurationList;
			buildConfigurations = (
				C6F81C912045545C0007F7D2 /* Debug */,
				C6F81C922045545C0007F7D2 /* Release */,
			);
			defaultConfigurationIsVisible = 0;
			defaultConfigurationName = Release;
		};
		C6F81C932045545C0007F7D2 /* Build configuration list for PBXNativeTarget "FoodieJsonModified" */ = {
			isa = XCConfigurationList;
			buildConfigurations = (
				C6F81C942045545C0007F7D2 /* Debug */,
				C6F81C952045545C0007F7D2 /* Release */,
			);
			defaultConfigurationIsVisible = 0;
			defaultConfigurationName = Release;
		};
/* End XCConfigurationList section */
	};
	rootObject = C6F81C792045545C0007F7D2 /* Project object */;
}
